// !$*UTF8*$!
{
	archiveVersion = 1;
	classes = {
	};
	objectVersion = 46;
	objects = {

/* Begin PBXBuildFile section */
		CB72299C1E09E1AD00F6CFF4 /* AppDelegate.swift in Sources */ = {isa = PBXBuildFile; fileRef = CB72299B1E09E1AD00F6CFF4 /* AppDelegate.swift */; };
		CB72299E1E09E1AD00F6CFF4 /* ViewController.swift in Sources */ = {isa = PBXBuildFile; fileRef = CB72299D1E09E1AD00F6CFF4 /* ViewController.swift */; };
		CB7229A11E09E1AD00F6CFF4 /* Main.storyboard in Resources */ = {isa = PBXBuildFile; fileRef = CB72299F1E09E1AD00F6CFF4 /* Main.storyboard */; };
		CB7229A31E09E1AD00F6CFF4 /* Assets.xcassets in Resources */ = {isa = PBXBuildFile; fileRef = CB7229A21E09E1AD00F6CFF4 /* Assets.xcassets */; };
		CB7229A61E09E1AD00F6CFF4 /* LaunchScreen.storyboard in Resources */ = {isa = PBXBuildFile; fileRef = CB7229A41E09E1AD00F6CFF4 /* LaunchScreen.storyboard */; };
/* End PBXBuildFile section */

/* Begin PBXFileReference section */
		CB7229981E09E1AD00F6CFF4 /* SaveTheFrenchies.app */ = {isa = PBXFileReference; explicitFileType = wrapper.application; includeInIndex = 0; path = SaveTheFrenchies.app; sourceTree = BUILT_PRODUCTS_DIR; };
		CB72299B1E09E1AD00F6CFF4 /* AppDelegate.swift */ = {isa = PBXFileReference; lastKnownFileType = sourcecode.swift; path = AppDelegate.swift; sourceTree = "<group>"; };
		CB72299D1E09E1AD00F6CFF4 /* ViewController.swift */ = {isa = PBXFileReference; lastKnownFileType = sourcecode.swift; path = ViewController.swift; sourceTree = "<group>"; };
		CB7229A01E09E1AD00F6CFF4 /* Base */ = {isa = PBXFileReference; lastKnownFileType = file.storyboard; name = Base; path = Base.lproj/Main.storyboard; sourceTree = "<group>"; };
		CB7229A21E09E1AD00F6CFF4 /* Assets.xcassets */ = {isa = PBXFileReference; lastKnownFileType = folder.assetcatalog; path = Assets.xcassets; sourceTree = "<group>"; };
		CB7229A51E09E1AD00F6CFF4 /* Base */ = {isa = PBXFileReference; lastKnownFileType = file.storyboard; name = Base; path = Base.lproj/LaunchScreen.storyboard; sourceTree = "<group>"; };
		CB7229A71E09E1AD00F6CFF4 /* Info.plist */ = {isa = PBXFileReference; lastKnownFileType = text.plist.xml; path = Info.plist; sourceTree = "<group>"; };
/* End PBXFileReference section */

/* Begin PBXFrameworksBuildPhase section */
		CB7229951E09E1AD00F6CFF4 /* Frameworks */ = {
			isa = PBXFrameworksBuildPhase;
			buildActionMask = 2147483647;
			files = (
			);
			runOnlyForDeploymentPostprocessing = 0;
		};
/* End PBXFrameworksBuildPhase section */

/* Begin PBXGroup section */
		CB72298F1E09E1AD00F6CFF4 = {
			isa = PBXGroup;
			children = (
				CB72299A1E09E1AD00F6CFF4 /* SaveTheFrenchies */,
				CB7229991E09E1AD00F6CFF4 /* Products */,
			);
			sourceTree = "<group>";
		};
		CB7229991E09E1AD00F6CFF4 /* Products */ = {
			isa = PBXGroup;
			children = (
				CB7229981E09E1AD00F6CFF4 /* SaveTheFrenchies.app */,
			);
			name = Products;
			sourceTree = "<group>";
		};
		CB72299A1E09E1AD00F6CFF4 /* SaveTheFrenchies */ = {
			isa = PBXGroup;
			children = (
				CB72299B1E09E1AD00F6CFF4 /* AppDelegate.swift */,
				CB72299D1E09E1AD00F6CFF4 /* ViewController.swift */,
				CB72299F1E09E1AD00F6CFF4 /* Main.storyboard */,
				CB7229A21E09E1AD00F6CFF4 /* Assets.xcassets */,
				CB7229A41E09E1AD00F6CFF4 /* LaunchScreen.storyboard */,
				CB7229A71E09E1AD00F6CFF4 /* Info.plist */,
			);
			path = SaveTheFrenchies;
			sourceTree = "<group>";
		};
/* End PBXGroup section */

/* Begin PBXNativeTarget section */
		CB7229971E09E1AD00F6CFF4 /* SaveTheFrenchies */ = {
			isa = PBXNativeTarget;
			buildConfigurationList = CB7229AA1E09E1AD00F6CFF4 /* Build configuration list for PBXNativeTarget "SaveTheFrenchies" */;
			buildPhases = (
				CB7229941E09E1AD00F6CFF4 /* Sources */,
				CB7229951E09E1AD00F6CFF4 /* Frameworks */,
				CB7229961E09E1AD00F6CFF4 /* Resources */,
			);
			buildRules = (
			);
			dependencies = (
			);
			name = SaveTheFrenchies;
			productName = SaveTheFrenchies;
			productReference = CB7229981E09E1AD00F6CFF4 /* SaveTheFrenchies.app */;
			productType = "com.apple.product-type.application";
		};
/* End PBXNativeTarget section */

/* Begin PBXProject section */
		CB7229901E09E1AD00F6CFF4 /* Project object */ = {
			isa = PBXProject;
			attributes = {
				LastSwiftUpdateCheck = 0820;
				LastUpgradeCheck = 0820;
				ORGANIZATIONNAME = nidcis;
				TargetAttributes = {
					CB7229971E09E1AD00F6CFF4 = {
						CreatedOnToolsVersion = 8.2;
						DevelopmentTeam = QB57BKRQ2G;
						ProvisioningStyle = Automatic;
					};
				};
			};
			buildConfigurationList = CB7229931E09E1AD00F6CFF4 /* Build configuration list for PBXProject "SaveTheFrenchies" */;
			compatibilityVersion = "Xcode 3.2";
			developmentRegion = English;
			hasScannedForEncodings = 0;
			knownRegions = (
				en,
				Base,
			);
			mainGroup = CB72298F1E09E1AD00F6CFF4;
			productRefGroup = CB7229991E09E1AD00F6CFF4 /* Products */;
			projectDirPath = "";
			projectRoot = "";
			targets = (
				CB7229971E09E1AD00F6CFF4 /* SaveTheFrenchies */,
			);
		};
/* End PBXProject section */

/* Begin PBXResourcesBuildPhase section */
		CB7229961E09E1AD00F6CFF4 /* Resources */ = {
			isa = PBXResourcesBuildPhase;
			buildActionMask = 2147483647;
			files = (
				CB7229A61E09E1AD00F6CFF4 /* LaunchScreen.storyboard in Resources */,
				CB7229A31E09E1AD00F6CFF4 /* Assets.xcassets in Resources */,
				CB7229A11E09E1AD00F6CFF4 /* Main.storyboard in Resources */,
			);
			runOnlyForDeploymentPostprocessing = 0;
		};
/* End PBXResourcesBuildPhase section */

/* Begin PBXSourcesBuildPhase section */
		CB7229941E09E1AD00F6CFF4 /* Sources */ = {
			isa = PBXSourcesBuildPhase;
			buildActionMask = 2147483647;
			files = (
				CB72299E1E09E1AD00F6CFF4 /* ViewController.swift in Sources */,
				CB72299C1E09E1AD00F6CFF4 /* AppDelegate.swift in Sources */,
			);
			runOnlyForDeploymentPostprocessing = 0;
		};
/* End PBXSourcesBuildPhase section */

/* Begin PBXVariantGroup section */
		CB72299F1E09E1AD00F6CFF4 /* Main.storyboard */ = {
			isa = PBXVariantGroup;
			children = (
				CB7229A01E09E1AD00F6CFF4 /* Base */,
			);
			name = Main.storyboard;
			sourceTree = "<group>";
		};
		CB7229A41E09E1AD00F6CFF4 /* LaunchScreen.storyboard */ = {
			isa = PBXVariantGroup;
			children = (
				CB7229A51E09E1AD00F6CFF4 /* Base */,
			);
			name = LaunchScreen.storyboard;
			sourceTree = "<group>";
		};
/* End PBXVariantGroup section */

/* Begin XCBuildConfiguration section */
		CB7229A81E09E1AD00F6CFF4 /* Debug */ = {
			isa = XCBuildConfiguration;
			buildSettings = {
				ALWAYS_SEARCH_USER_PATHS = NO;
				CLANG_ANALYZER_NONNULL = YES;
				CLANG_CXX_LANGUAGE_STANDARD = "gnu++0x";
				CLANG_CXX_LIBRARY = "libc++";
				CLANG_ENABLE_MODULES = YES;
				CLANG_ENABLE_OBJC_ARC = YES;
				CLANG_WARN_BOOL_CONVERSION = YES;
				CLANG_WARN_CONSTANT_CONVERSION = YES;
				CLANG_WARN_DIRECT_OBJC_ISA_USAGE = YES_ERROR;
				CLANG_WARN_DOCUMENTATION_COMMENTS = YES;
				CLANG_WARN_EMPTY_BODY = YES;
				CLANG_WARN_ENUM_CONVERSION = YES;
				CLANG_WARN_INFINITE_RECURSION = YES;
				CLANG_WARN_INT_CONVERSION = YES;
				CLANG_WARN_OBJC_ROOT_CLASS = YES_ERROR;
				CLANG_WARN_SUSPICIOUS_MOVE = YES;
				CLANG_WARN_UNREACHABLE_CODE = YES;
				CLANG_WARN__DUPLICATE_METHOD_MATCH = YES;
				"CODE_SIGN_IDENTITY[sdk=iphoneos*]" = "iPhone Developer";
				COPY_PHASE_STRIP = NO;
				DEBUG_INFORMATION_FORMAT = dwarf;
				ENABLE_STRICT_OBJC_MSGSEND = YES;
				ENABLE_TESTABILITY = YES;
				GCC_C_LANGUAGE_STANDARD = gnu99;
				GCC_DYNAMIC_NO_PIC = NO;
				GCC_NO_COMMON_BLOCKS = YES;
				GCC_OPTIMIZATION_LEVEL = 0;
				GCC_PREPROCESSOR_DEFINITIONS = (
					"DEBUG=1",
					"$(inherited)",
				);
				GCC_WARN_64_TO_32_BIT_CONVERSION = YES;
				GCC_WARN_ABOUT_RETURN_TYPE = YES_ERROR;
				GCC_WARN_UNDECLARED_SELECTOR = YES;
				GCC_WARN_UNINITIALIZED_AUTOS = YES_AGGRESSIVE;
				GCC_WARN_UNUSED_FUNCTION = YES;
				GCC_WARN_UNUSED_VARIABLE = YES;
				IPHONEOS_DEPLOYMENT_TARGET = 10.2;
				MTL_ENABLE_DEBUG_INFO = YES;
				ONLY_ACTIVE_ARCH = YES;
				SDKROOT = iphoneos;
				SWIFT_ACTIVE_COMPILATION_CONDITIONS = DEBUG;
				SWIFT_OPTIMIZATION_LEVEL = "-Onone";
			};
			name = Debug;
		};
		CB7229A91E09E1AD00F6CFF4 /* Release */ = {
			isa = XCBuildConfiguration;
			buildSettings = {
				ALWAYS_SEARCH_USER_PATHS = NO;
				CLANG_ANALYZER_NONNULL = YES;
				CLANG_CXX_LANGUAGE_STANDARD = "gnu++0x";
				CLANG_CXX_LIBRARY = "libc++";
				CLANG_ENABLE_MODULES = YES;
				CLANG_ENABLE_OBJC_ARC = YES;
				CLANG_WARN_BOOL_CONVERSION = YES;
				CLANG_WARN_CONSTANT_CONVERSION = YES;
				CLANG_WARN_DIRECT_OBJC_ISA_USAGE = YES_ERROR;
				CLANG_WARN_DOCUMENTATION_COMMENTS = YES;
				CLANG_WARN_EMPTY_BODY = YES;
				CLANG_WARN_ENUM_CONVERSION = YES;
				CLANG_WARN_INFINITE_RECURSION = YES;
				CLANG_WARN_INT_CONVERSION = YES;
				CLANG_WARN_OBJC_ROOT_CLASS = YES_ERROR;
				CLANG_WARN_SUSPICIOUS_MOVE = YES;
				CLANG_WARN_UNREACHABLE_CODE = YES;
				CLANG_WARN__DUPLICATE_METHOD_MATCH = YES;
				"CODE_SIGN_IDENTITY[sdk=iphoneos*]" = "iPhone Developer";
				COPY_PHASE_STRIP = NO;
				DEBUG_INFORMATION_FORMAT = "dwarf-with-dsym";
				ENABLE_NS_ASSERTIONS = NO;
				ENABLE_STRICT_OBJC_MSGSEND = YES;
				GCC_C_LANGUAGE_STANDARD = gnu99;
				GCC_NO_COMMON_BLOCKS = YES;
				GCC_WARN_64_TO_32_BIT_CONVERSION = YES;
				GCC_WARN_ABOUT_RETURN_TYPE = YES_ERROR;
				GCC_WARN_UNDECLARED_SELECTOR = YES;
				GCC_WARN_UNINITIALIZED_AUTOS = YES_AGGRESSIVE;
				GCC_WARN_UNUSED_FUNCTION = YES;
				GCC_WARN_UNUSED_VARIABLE = YES;
				IPHONEOS_DEPLOYMENT_TARGET = 10.2;
				MTL_ENABLE_DEBUG_INFO = NO;
				SDKROOT = iphoneos;
				SWIFT_OPTIMIZATION_LEVEL = "-Owholemodule";
				VALIDATE_PRODUCT = YES;
			};
			name = Release;
		};
		CB7229AB1E09E1AD00F6CFF4 /* Debug */ = {
			isa = XCBuildConfiguration;
			buildSettings = {
				ASSETCATALOG_COMPILER_APPICON_NAME = AppIcon;
				DEVELOPMENT_TEAM = QB57BKRQ2G;
				INFOPLIST_FILE = SaveTheFrenchies/Info.plist;
				LD_RUNPATH_SEARCH_PATHS = "$(inherited) @executable_path/Frameworks";
				PRODUCT_BUNDLE_IDENTIFIER = com.nidcis.SaveTheFrenchies;
				PRODUCT_NAME = "$(TARGET_NAME)";
				SWIFT_VERSION = 3.0;
			};
			name = Debug;
		};
		CB7229AC1E09E1AD00F6CFF4 /* Release */ = {
			isa = XCBuildConfiguration;
			buildSettings = {
				ASSETCATALOG_COMPILER_APPICON_NAME = AppIcon;
				DEVELOPMENT_TEAM = QB57BKRQ2G;
				INFOPLIST_FILE = SaveTheFrenchies/Info.plist;
				LD_RUNPATH_SEARCH_PATHS = "$(inherited) @executable_path/Frameworks";
				PRODUCT_BUNDLE_IDENTIFIER = com.nidcis.SaveTheFrenchies;
				PRODUCT_NAME = "$(TARGET_NAME)";
				SWIFT_VERSION = 3.0;
			};
			name = Release;
		};
/* End XCBuildConfiguration section */

/* Begin XCConfigurationList section */
		CB7229931E09E1AD00F6CFF4 /* Build configuration list for PBXProject "SaveTheFrenchies" */ = {
			isa = XCConfigurationList;
			buildConfigurations = (
				CB7229A81E09E1AD00F6CFF4 /* Debug */,
				CB7229A91E09E1AD00F6CFF4 /* Release */,
			);
			defaultConfigurationIsVisible = 0;
			defaultConfigurationName = Release;
		};
		CB7229AA1E09E1AD00F6CFF4 /* Build configuration list for PBXNativeTarget "SaveTheFrenchies" */ = {
			isa = XCConfigurationList;
			buildConfigurations = (
				CB7229AB1E09E1AD00F6CFF4 /* Debug */,
				CB7229AC1E09E1AD00F6CFF4 /* Release */,
			);
			defaultConfigurationIsVisible = 0;
		};
/* End XCConfigurationList section */
	};
	rootObject = CB7229901E09E1AD00F6CFF4 /* Project object */;
}
